name: Temporary Bun Lockfile Refresh

on:
  pull_request:
  workflow_dispatch:

permissions:
  contents: write

jobs:
  generate-lock:
    if: github.event_name == 'workflow_dispatch' || github.event.pull_request.head.repo.full_name == github.repository
    runs-on: ubuntu-latest
    steps:
      - name: Checkout PR branch
        uses: actions/checkout@v4
        with:
          ref: ${{ github.head_ref || github.ref_name }}

      - name: Setup Bun
        uses: oven-sh/setup-bun@v2
        with:
          bun-version: '1.3.4'

      - name: Regenerate and verify Bun lockfile
        run: |
          bun install
          bun install --frozen-lockfile

      - name: Commit refreshed lockfile when changed
        shell: bash
        run: |
          if git diff --quiet -- bun.lock; then
            echo 'bun.lock is already current'
            exit 0
          fi
          git config user.name 'github-actions[bot]'
          git config user.email '41898282+github-actions[bot]@users.noreply.github.com'
          git add bun.lock
          git commit -m 'chore(deps): refresh Bun lockfile'
          git push origin HEAD:${{ github.head_ref || github.ref_name }}
